Microsoft Visual Studio Solution File, Format Version 8.00
Project("{8BC9CEB8-8B4A-11D0-8D11-00A0C91BC942}") = "vmapExtractor", "vmapExtractor_VC71.vcproj", "{87335BBF-5DA8-4FEC-A51E-1FB948F2FFE9}"
	ProjectSection(ProjectDependencies) = postProject
	EndProjectSection
EndProject
Global
	GlobalSection(SolutionConfiguration) = preSolution
		Debug Ansi Static = Debug Ansi Static
		Release Ansi Static = Release Ansi Static
	EndGlobalSection
	GlobalSection(ProjectDependencies) = postSolution
	EndGlobalSection
	GlobalSection(ProjectConfiguration) = postSolution
		{87335BBF-5DA8-4FEC-A51E-1FB948F2FFE9}.Debug Ansi Static.ActiveCfg = Debug Ansi Static|Win32
		{87335BBF-5DA8-4FEC-A51E-1FB948F2FFE9}.Debug Ansi Static.Build.0 = Debug Ansi Static|Win32
		{87335BBF-5DA8-4FEC-A51E-1FB948F2FFE9}.Release Ansi Static.ActiveCfg = Release Ansi Static|Win32
		{87335BBF-5DA8-4FEC-A51E-1FB948F2FFE9}.Release Ansi Static.Build.0 = Release Ansi Static|Win32
	EndGlobalSection
	GlobalSection(ExtensibilityGlobals) = postSolution
	EndGlobalSection
	GlobalSection(ExtensibilityAddIns) = postSolution
	EndGlobalSection
EndGlobal
