Microsoft Visual Studio Solution File, Format Version 8.00
Project("{8BC9CEB8-8B4A-11D0-8D11-00A0C91BC942}") = "game", "VC71\game.vcproj", "{1DC6C4DA-A028-41F3-877D-D5400C594F88}"
	ProjectSection(ProjectDependencies) = postProject
		{90297C34-F231-4DF4-848E-A74BCC0E40ED} = {90297C34-F231-4DF4-848E-A74BCC0E40ED}
	EndProjectSection
EndProject
Project("{8BC9CEB8-8B4A-11D0-8D11-00A0C91BC942}") = "shared", "VC71\shared.vcproj", "{90297C34-F231-4DF4-848E-A74BCC0E40ED}"
	ProjectSection(ProjectDependencies) = postProject
		{BF6F5D0E-33A5-4E23-9E7D-DD481B7B5B9E} = {BF6F5D0E-33A5-4E23-9E7D-DD481B7B5B9E}
		{8F1DEA42-6A5B-4B62-839D-C141A7BFACF2} = {8F1DEA42-6A5B-4B62-839D-C141A7BFACF2}
		{803F488E-4C5A-4866-8D5C-1E6C03C007C2} = {803F488E-4C5A-4866-8D5C-1E6C03C007C2}
		{7C74F49E-FECA-1BAD-6757-8A6348EA12C8} = {7C74F49E-FECA-1BAD-6757-8A6348EA12C8}
		{262199E8-EEDF-4700-A1D1-E9CC901CF480} = {262199E8-EEDF-4700-A1D1-E9CC901CF480}
		{DE0380F9-C910-4E99-A841-93550D0E61D7} = {DE0380F9-C910-4E99-A841-93550D0E61D7}
	EndProjectSection
EndProject
Project("{8BC9CEB8-8B4A-11D0-8D11-00A0C91BC942}") = "zlib", "VC71\zlib.vcproj", "{8F1DEA42-6A5B-4B62-839D-C141A7BFACF2}"
	ProjectSection(ProjectDependencies) = postProject
	EndProjectSection
EndProject
Project("{8BC9CEB8-8B4A-11D0-8D11-00A0C91BC942}") = "framework", "VC71\framework.vcproj", "{BF6F5D0E-33A5-4E23-9E7D-DD481B7B5B9E}"
	ProjectSection(ProjectDependencies) = postProject
	EndProjectSection
EndProject
Project("{8BC9CEB8-8B4A-11D0-8D11-00A0C91BC942}") = "g3dlite", "VC71\g3dlite.vcproj", "{DE0380F9-C910-4E99-A841-93550D0E61D7}"
	ProjectSection(ProjectDependencies) = postProject
	EndProjectSection
EndProject
Project("{8BC9CEB8-8B4A-11D0-8D11-00A0C91BC942}") = "sockets", "VC71\sockets.vcproj", "{04BAF755-0D67-46F8-B1C6-77AE5368F3CB}"
	ProjectSection(ProjectDependencies) = postProject
	EndProjectSection
EndProject
Project("{8BC9CEB8-8B4A-11D0-8D11-00A0C91BC942}") = "TrinityCore", "VC71\TrinityCore.vcproj", "{D1EA3EE9-4DCF-4CB9-BA6E-B9321E0D552A}"
	ProjectSection(ProjectDependencies) = postProject
		{563E9905-3657-460C-AE63-0AC39D162E23} = {563E9905-3657-460C-AE63-0AC39D162E23}
		{90297C34-F231-4DF4-848E-A74BCC0E40ED} = {90297C34-F231-4DF4-848E-A74BCC0E40ED}
		{04BAF755-0D67-46F8-B1C6-77AE5368F3CB} = {04BAF755-0D67-46F8-B1C6-77AE5368F3CB}
		{1DC6C4DA-A028-41F3-877D-D5400C594F88} = {1DC6C4DA-A028-41F3-877D-D5400C594F88}
	EndProjectSection
EndProject
Project("{8BC9CEB8-8B4A-11D0-8D11-00A0C91BC942}") = "TrinityRealm", "VC71\TrinityRealm.vcproj", "{563E9905-3657-460C-AE63-0AC39D162E23}"
	ProjectSection(ProjectDependencies) = postProject
		{90297C34-F231-4DF4-848E-A74BCC0E40ED} = {90297C34-F231-4DF4-848E-A74BCC0E40ED}
		{04BAF755-0D67-46F8-B1C6-77AE5368F3CB} = {04BAF755-0D67-46F8-B1C6-77AE5368F3CB}
	EndProjectSection
EndProject
Project("{8BC9CEB8-8B4A-11D0-8D11-00A0C91BC942}") = "TrinityScript", "..\src\bindings\scripts\VC71\71ScriptDev2.vcproj", "{4295C8A9-79B7-4354-8064-F05FB9CA0C96}"
	ProjectSection(ProjectDependencies) = postProject
		{D1EA3EE9-4DCF-4CB9-BA6E-B9321E0D552A} = {D1EA3EE9-4DCF-4CB9-BA6E-B9321E0D552A}
	EndProjectSection
EndProject
Project("{8BC9CEB8-8B4A-11D0-8D11-00A0C91BC942}") = "ACE_Wrappers", "VC71\ACE_vc71.vcproj", "{7C74F49E-FECA-1BAD-6757-8A6348EA12C8}"
	ProjectSection(ProjectDependencies) = postProject
	EndProjectSection
EndProject
Project("{8BC9CEB8-8B4A-11D0-8D11-00A0C91BC942}") = "genrevision", "VC71\genrevision.vcproj", "{803F488E-4C5A-4866-8D5C-1E6C03C007C2}"
 EndProject
Global
	GlobalSection(SolutionConfiguration) = preSolution
		Debug = Debug
		Release = Release
	EndGlobalSection
	GlobalSection(ProjectDependencies) = postSolution
	EndGlobalSection
	GlobalSection(ProjectConfiguration) = postSolution
		{1DC6C4DA-A028-41F3-877D-D5400C594F88}.Debug.ActiveCfg = Debug|Win32
		{1DC6C4DA-A028-41F3-877D-D5400C594F88}.Debug.Build.0 = Debug|Win32
		{1DC6C4DA-A028-41F3-877D-D5400C594F88}.Release.ActiveCfg = Release|Win32
		{1DC6C4DA-A028-41F3-877D-D5400C594F88}.Release.Build.0 = Release|Win32
		{90297C34-F231-4DF4-848E-A74BCC0E40ED}.Debug.ActiveCfg = Debug|Win32
		{90297C34-F231-4DF4-848E-A74BCC0E40ED}.Debug.Build.0 = Debug|Win32
		{90297C34-F231-4DF4-848E-A74BCC0E40ED}.Release.ActiveCfg = Release|Win32
		{90297C34-F231-4DF4-848E-A74BCC0E40ED}.Release.Build.0 = Release|Win32
		{262199E8-EEDF-4700-A1D1-E9CC901CF480}.Debug.ActiveCfg = Debug|Win32
		{262199E8-EEDF-4700-A1D1-E9CC901CF480}.Debug.Build.0 = Debug|Win32
		{262199E8-EEDF-4700-A1D1-E9CC901CF480}.Release.ActiveCfg = Release|Win32
		{262199E8-EEDF-4700-A1D1-E9CC901CF480}.Release.Build.0 = Release|Win32
		{8F1DEA42-6A5B-4B62-839D-C141A7BFACF2}.Debug.ActiveCfg = Debug|Win32
		{8F1DEA42-6A5B-4B62-839D-C141A7BFACF2}.Debug.Build.0 = Debug|Win32
		{8F1DEA42-6A5B-4B62-839D-C141A7BFACF2}.Release.ActiveCfg = Release|Win32
		{8F1DEA42-6A5B-4B62-839D-C141A7BFACF2}.Release.Build.0 = Release|Win32
		{BF6F5D0E-33A5-4E23-9E7D-DD481B7B5B9E}.Debug.ActiveCfg = Debug|Win32
		{BF6F5D0E-33A5-4E23-9E7D-DD481B7B5B9E}.Debug.Build.0 = Debug|Win32
		{BF6F5D0E-33A5-4E23-9E7D-DD481B7B5B9E}.Release.ActiveCfg = Release|Win32
		{BF6F5D0E-33A5-4E23-9E7D-DD481B7B5B9E}.Release.Build.0 = Release|Win32
		{DE0380F9-C910-4E99-A841-93550D0E61D7}.Debug.ActiveCfg = Debug|Win32
		{DE0380F9-C910-4E99-A841-93550D0E61D7}.Debug.Build.0 = Debug|Win32
		{DE0380F9-C910-4E99-A841-93550D0E61D7}.Release.ActiveCfg = Release|Win32
		{DE0380F9-C910-4E99-A841-93550D0E61D7}.Release.Build.0 = Release|Win32
		{04BAF755-0D67-46F8-B1C6-77AE5368F3CB}.Debug.ActiveCfg = Debug|Win32
		{04BAF755-0D67-46F8-B1C6-77AE5368F3CB}.Debug.Build.0 = Debug|Win32
		{04BAF755-0D67-46F8-B1C6-77AE5368F3CB}.Release.ActiveCfg = Release|Win32
		{04BAF755-0D67-46F8-B1C6-77AE5368F3CB}.Release.Build.0 = Release|Win32
		{D1EA3EE9-4DCF-4CB9-BA6E-B9321E0D552A}.Debug.ActiveCfg = Debug|Win32
		{D1EA3EE9-4DCF-4CB9-BA6E-B9321E0D552A}.Debug.Build.0 = Debug|Win32
		{D1EA3EE9-4DCF-4CB9-BA6E-B9321E0D552A}.Release.ActiveCfg = Release|Win32
		{D1EA3EE9-4DCF-4CB9-BA6E-B9321E0D552A}.Release.Build.0 = Release|Win32
		{563E9905-3657-460C-AE63-0AC39D162E23}.Debug.ActiveCfg = Debug|Win32
		{563E9905-3657-460C-AE63-0AC39D162E23}.Debug.Build.0 = Debug|Win32
		{563E9905-3657-460C-AE63-0AC39D162E23}.Release.ActiveCfg = Release|Win32
		{563E9905-3657-460C-AE63-0AC39D162E23}.Release.Build.0 = Release|Win32
		{4295C8A9-79B7-4354-8064-F05FB9CA0C96}.Debug.ActiveCfg = Debug|Win32
		{4295C8A9-79B7-4354-8064-F05FB9CA0C96}.Debug.Build.0 = Debug|Win32
		{4295C8A9-79B7-4354-8064-F05FB9CA0C96}.Release.ActiveCfg = Release|Win32
		{4295C8A9-79B7-4354-8064-F05FB9CA0C96}.Release.Build.0 = Release|Win32
		{7C74F49E-FECA-1BAD-6757-8A6348EA12C8}.Debug.ActiveCfg = Debug|Win32
		{7C74F49E-FECA-1BAD-6757-8A6348EA12C8}.Debug.Build.0 = Debug|Win32
		{7C74F49E-FECA-1BAD-6757-8A6348EA12C8}.Release.ActiveCfg = Release|Win32
		{7C74F49E-FECA-1BAD-6757-8A6348EA12C8}.Release.Build.0 = Release|Win32
		{803F488E-4C5A-4866-8D5C-1E6C03C007C2}.Debug|Win32.ActiveCfg = Debug|Win32
		{803F488E-4C5A-4866-8D5C-1E6C03C007C2}.Debug|Win32.Build.0 = Debug|Win32
		{803F488E-4C5A-4866-8D5C-1E6C03C007C2}.Release|Win32.ActiveCfg = Release|Win32
		{803F488E-4C5A-4866-8D5C-1E6C03C007C2}.Release|Win32.Build.0 = Release|Win32
	EndGlobalSection
	GlobalSection(ExtensibilityGlobals) = postSolution
	EndGlobalSection
	GlobalSection(ExtensibilityAddIns) = postSolution
	EndGlobalSection
	GlobalSection(DPCodeReviewSolutionGUID) = preSolution
		DPCodeReviewSolutionGUID = {00000000-0000-0000-0000-000000000000}
	EndGlobalSection
EndGlobal
