Microsoft Visual Studio Solution File, Format Version 10.00
# Visual Studio 2008
Project("{8BC9CEB8-8B4A-11D0-8D11-00A0C91BC942}") = "game", "VC90\game.vcproj", "{1DC6C4DA-A028-41F3-877D-D5400C594F88}"
	ProjectSection(ProjectDependencies) = postProject
		{90297C34-F231-4DF4-848E-A74BCC0E40ED} = {90297C34-F231-4DF4-848E-A74BCC0E40ED}
	EndProjectSection
EndProject
Project("{8BC9CEB8-8B4A-11D0-8D11-00A0C91BC942}") = "shared", "VC90\shared.vcproj", "{90297C34-F231-4DF4-848E-A74BCC0E40ED}"
EndProject
Project("{8BC9CEB8-8B4A-11D0-8D11-00A0C91BC942}") = "TrinityCore", "VC90\TrinityCore.vcproj", "{A3A04E47-43A2-4C08-90B3-029CEF558594}"
EndProject
Project("{8BC9CEB8-8B4A-11D0-8D11-00A0C91BC942}") = "TrinityRealm", "VC90\TrinityRealm.vcproj", "{563E9905-3657-460C-AE63-0AC39D162E23}"
EndProject
Project("{8BC9CEB8-8B4A-11D0-8D11-00A0C91BC942}") = "genrevision", "VC90\genrevision.vcproj", "{803F488E-4C5A-4866-8D5C-1E6C03C007C2}"
EndProject
Project("{8BC9CEB8-8B4A-11D0-8D11-00A0C91BC942}") = "ACE_Wrappers", "..\externals\ace\win\VC90\ace.vcproj", "{BD537C9A-FECA-1BAD-6757-8A6348EA12C8}"
EndProject
Project("{8BC9CEB8-8B4A-11D0-8D11-00A0C91BC942}") = "zlib", "..\externals\zlib\win\VC90\zlib.vcproj", "{8F1DEA42-6A5B-4B62-839D-C141A7BFACF2}"
EndProject
Project("{8BC9CEB8-8B4A-11D0-8D11-00A0C91BC942}") = "g3dlite", "..\externals\g3dlite\win\VC90\g3dlite.vcproj", "{8072769E-CF10-48BF-B9E1-12752A5DAC6E}"
EndProject
Project("{8BC9CEB8-8B4A-11D0-8D11-00A0C91BC942}") = "sockets", "..\externals\sockets\win\VC90\sockets.vcproj", "{9DF7A84E-C644-4720-A79D-C98CB950E34C}"
EndProject
Global
	GlobalSection(SolutionConfigurationPlatforms) = preSolution
		Debug|Win32 = Debug|Win32
		Debug|x64 = Debug|x64
		Release|Win32 = Release|Win32
		Release|x64 = Release|x64
	EndGlobalSection
	GlobalSection(ProjectConfigurationPlatforms) = postSolution
		{1DC6C4DA-A028-41F3-877D-D5400C594F88}.Debug|Win32.ActiveCfg = Debug|Win32
		{1DC6C4DA-A028-41F3-877D-D5400C594F88}.Debug|Win32.Build.0 = Debug|Win32
		{1DC6C4DA-A028-41F3-877D-D5400C594F88}.Debug|x64.ActiveCfg = Debug|x64
		{1DC6C4DA-A028-41F3-877D-D5400C594F88}.Debug|x64.Build.0 = Debug|x64
		{1DC6C4DA-A028-41F3-877D-D5400C594F88}.Release|Win32.ActiveCfg = Release|Win32
		{1DC6C4DA-A028-41F3-877D-D5400C594F88}.Release|Win32.Build.0 = Release|Win32
		{1DC6C4DA-A028-41F3-877D-D5400C594F88}.Release|x64.ActiveCfg = Release|x64
		{1DC6C4DA-A028-41F3-877D-D5400C594F88}.Release|x64.Build.0 = Release|x64
		{90297C34-F231-4DF4-848E-A74BCC0E40ED}.Debug|Win32.ActiveCfg = Debug|Win32
		{90297C34-F231-4DF4-848E-A74BCC0E40ED}.Debug|Win32.Build.0 = Debug|Win32
		{90297C34-F231-4DF4-848E-A74BCC0E40ED}.Debug|x64.ActiveCfg = Debug|x64
		{90297C34-F231-4DF4-848E-A74BCC0E40ED}.Debug|x64.Build.0 = Debug|x64
		{90297C34-F231-4DF4-848E-A74BCC0E40ED}.Release|Win32.ActiveCfg = Release|Win32
		{90297C34-F231-4DF4-848E-A74BCC0E40ED}.Release|Win32.Build.0 = Release|Win32
		{90297C34-F231-4DF4-848E-A74BCC0E40ED}.Release|x64.ActiveCfg = Release|x64
		{90297C34-F231-4DF4-848E-A74BCC0E40ED}.Release|x64.Build.0 = Release|x64
		{A3A04E47-43A2-4C08-90B3-029CEF558594}.Debug|Win32.ActiveCfg = Debug|Win32
		{A3A04E47-43A2-4C08-90B3-029CEF558594}.Debug|Win32.Build.0 = Debug|Win32
		{A3A04E47-43A2-4C08-90B3-029CEF558594}.Debug|x64.ActiveCfg = Debug|x64
		{A3A04E47-43A2-4C08-90B3-029CEF558594}.Debug|x64.Build.0 = Debug|x64
		{A3A04E47-43A2-4C08-90B3-029CEF558594}.Release|Win32.ActiveCfg = Release|Win32
		{A3A04E47-43A2-4C08-90B3-029CEF558594}.Release|Win32.Build.0 = Release|Win32
		{A3A04E47-43A2-4C08-90B3-029CEF558594}.Release|x64.ActiveCfg = Release|x64
		{A3A04E47-43A2-4C08-90B3-029CEF558594}.Release|x64.Build.0 = Release|x64
		{563E9905-3657-460C-AE63-0AC39D162E23}.Debug|Win32.ActiveCfg = Debug|Win32
		{563E9905-3657-460C-AE63-0AC39D162E23}.Debug|Win32.Build.0 = Debug|Win32
		{563E9905-3657-460C-AE63-0AC39D162E23}.Debug|x64.ActiveCfg = Debug|x64
		{563E9905-3657-460C-AE63-0AC39D162E23}.Debug|x64.Build.0 = Debug|x64
		{563E9905-3657-460C-AE63-0AC39D162E23}.Release|Win32.ActiveCfg = Release|Win32
		{563E9905-3657-460C-AE63-0AC39D162E23}.Release|Win32.Build.0 = Release|Win32
		{563E9905-3657-460C-AE63-0AC39D162E23}.Release|x64.ActiveCfg = Release|x64
		{563E9905-3657-460C-AE63-0AC39D162E23}.Release|x64.Build.0 = Release|x64
		{803F488E-4C5A-4866-8D5C-1E6C03C007C2}.Debug|Win32.ActiveCfg = Debug|Win32
		{803F488E-4C5A-4866-8D5C-1E6C03C007C2}.Debug|Win32.Build.0 = Debug|Win32
		{803F488E-4C5A-4866-8D5C-1E6C03C007C2}.Debug|x64.ActiveCfg = Debug|x64
		{803F488E-4C5A-4866-8D5C-1E6C03C007C2}.Debug|x64.Build.0 = Debug|x64
		{803F488E-4C5A-4866-8D5C-1E6C03C007C2}.Release|Win32.ActiveCfg = Release|Win32
		{803F488E-4C5A-4866-8D5C-1E6C03C007C2}.Release|Win32.Build.0 = Release|Win32
		{803F488E-4C5A-4866-8D5C-1E6C03C007C2}.Release|x64.ActiveCfg = Release|x64
		{803F488E-4C5A-4866-8D5C-1E6C03C007C2}.Release|x64.Build.0 = Release|x64
		{BD537C9A-FECA-1BAD-6757-8A6348EA12C8}.Debug|Win32.ActiveCfg = Debug|Win32
		{BD537C9A-FECA-1BAD-6757-8A6348EA12C8}.Debug|Win32.Build.0 = Debug|Win32
		{BD537C9A-FECA-1BAD-6757-8A6348EA12C8}.Debug|x64.ActiveCfg = Debug|x64
		{BD537C9A-FECA-1BAD-6757-8A6348EA12C8}.Debug|x64.Build.0 = Debug|x64
		{BD537C9A-FECA-1BAD-6757-8A6348EA12C8}.Release|Win32.ActiveCfg = Release|Win32
		{BD537C9A-FECA-1BAD-6757-8A6348EA12C8}.Release|Win32.Build.0 = Release|Win32
		{BD537C9A-FECA-1BAD-6757-8A6348EA12C8}.Release|x64.ActiveCfg = Release|x64
		{BD537C9A-FECA-1BAD-6757-8A6348EA12C8}.Release|x64.Build.0 = Release|x64
		{8F1DEA42-6A5B-4B62-839D-C141A7BFACF2}.Debug|Win32.ActiveCfg = Debug|Win32
		{8F1DEA42-6A5B-4B62-839D-C141A7BFACF2}.Debug|Win32.Build.0 = Debug|Win32
		{8F1DEA42-6A5B-4B62-839D-C141A7BFACF2}.Debug|x64.ActiveCfg = Debug|x64
		{8F1DEA42-6A5B-4B62-839D-C141A7BFACF2}.Debug|x64.Build.0 = Debug|x64
		{8F1DEA42-6A5B-4B62-839D-C141A7BFACF2}.Release|Win32.ActiveCfg = Release|Win32
		{8F1DEA42-6A5B-4B62-839D-C141A7BFACF2}.Release|Win32.Build.0 = Release|Win32
		{8F1DEA42-6A5B-4B62-839D-C141A7BFACF2}.Release|x64.ActiveCfg = Release|x64
		{8F1DEA42-6A5B-4B62-839D-C141A7BFACF2}.Release|x64.Build.0 = Release|x64
		{8072769E-CF10-48BF-B9E1-12752A5DAC6E}.Debug|Win32.ActiveCfg = Debug|Win32
		{8072769E-CF10-48BF-B9E1-12752A5DAC6E}.Debug|Win32.Build.0 = Debug|Win32
		{8072769E-CF10-48BF-B9E1-12752A5DAC6E}.Debug|x64.ActiveCfg = Debug|x64
		{8072769E-CF10-48BF-B9E1-12752A5DAC6E}.Debug|x64.Build.0 = Debug|x64
		{8072769E-CF10-48BF-B9E1-12752A5DAC6E}.Release|Win32.ActiveCfg = Release|Win32
		{8072769E-CF10-48BF-B9E1-12752A5DAC6E}.Release|Win32.Build.0 = Release|Win32
		{8072769E-CF10-48BF-B9E1-12752A5DAC6E}.Release|x64.ActiveCfg = Release|x64
		{8072769E-CF10-48BF-B9E1-12752A5DAC6E}.Release|x64.Build.0 = Release|x64
		{9DF7A84E-C644-4720-A79D-C98CB950E34C}.Debug|Win32.ActiveCfg = Debug|Win32
		{9DF7A84E-C644-4720-A79D-C98CB950E34C}.Debug|Win32.Build.0 = Debug|Win32
		{9DF7A84E-C644-4720-A79D-C98CB950E34C}.Debug|x64.ActiveCfg = Debug|x64
		{9DF7A84E-C644-4720-A79D-C98CB950E34C}.Debug|x64.Build.0 = Debug|x64
		{9DF7A84E-C644-4720-A79D-C98CB950E34C}.Release|Win32.ActiveCfg = Release|Win32
		{9DF7A84E-C644-4720-A79D-C98CB950E34C}.Release|Win32.Build.0 = Release|Win32
		{9DF7A84E-C644-4720-A79D-C98CB950E34C}.Release|x64.ActiveCfg = Release|x64
		{9DF7A84E-C644-4720-A79D-C98CB950E34C}.Release|x64.Build.0 = Release|x64
	EndGlobalSection
	GlobalSection(SolutionProperties) = preSolution
		HideSolutionNode = FALSE
	EndGlobalSection
	GlobalSection(DPCodeReviewSolutionGUID) = preSolution
		DPCodeReviewSolutionGUID = {00000000-0000-0000-0000-000000000000}
	EndGlobalSection
EndGlobal
