Microsoft Visual Studio Solution File, Format Version 11.00
# Visual Studio 2010
Project("{8BC9CEB8-8B4A-11D0-8D11-00A0C91BC942}") = "vmap_assembler", "VC100\vmap_assembler.vcxproj", "{572FFF74-480C-4472-8ABF-81733BB4049D}"
EndProject
Project("{8BC9CEB8-8B4A-11D0-8D11-00A0C91BC942}") = "zlib", "..\..\win\VC100\zlib.vcxproj", "{8F1DEA42-6A5B-4B62-839D-C141A7BFACF2}"
EndProject
Project("{8BC9CEB8-8B4A-11D0-8D11-00A0C91BC942}") = "g3dlite", "..\..\win\VC100\g3dlite.vcxproj", "{8072769E-CF10-48BF-B9E1-12752A5DAC6E}"
EndProject
Global
	GlobalSection(SolutionConfigurationPlatforms) = preSolution
		Debug_NoPCH|Win32 = Debug_NoPCH|Win32
		Debug_NoPCH|x64 = Debug_NoPCH|x64
		Debug|Win32 = Debug|Win32
		Debug|x64 = Debug|x64
		Release|Win32 = Release|Win32
		Release|x64 = Release|x64
	EndGlobalSection
	GlobalSection(ProjectConfigurationPlatforms) = postSolution
		{572FFF74-480C-4472-8ABF-81733BB4049D}.Debug_NoPCH|Win32.ActiveCfg = Debug|Win32
		{572FFF74-480C-4472-8ABF-81733BB4049D}.Debug_NoPCH|Win32.Build.0 = Debug|Win32
		{572FFF74-480C-4472-8ABF-81733BB4049D}.Debug_NoPCH|x64.ActiveCfg = Debug|x64
		{572FFF74-480C-4472-8ABF-81733BB4049D}.Debug_NoPCH|x64.Build.0 = Debug|x64
		{572FFF74-480C-4472-8ABF-81733BB4049D}.Debug|Win32.ActiveCfg = Debug|Win32
		{572FFF74-480C-4472-8ABF-81733BB4049D}.Debug|Win32.Build.0 = Debug|Win32
		{572FFF74-480C-4472-8ABF-81733BB4049D}.Debug|x64.ActiveCfg = Debug|x64
		{572FFF74-480C-4472-8ABF-81733BB4049D}.Debug|x64.Build.0 = Debug|x64
		{572FFF74-480C-4472-8ABF-81733BB4049D}.Release|Win32.ActiveCfg = Release|Win32
		{572FFF74-480C-4472-8ABF-81733BB4049D}.Release|Win32.Build.0 = Release|Win32
		{572FFF74-480C-4472-8ABF-81733BB4049D}.Release|x64.ActiveCfg = Release|x64
		{572FFF74-480C-4472-8ABF-81733BB4049D}.Release|x64.Build.0 = Release|x64
		{8F1DEA42-6A5B-4B62-839D-C141A7BFACF2}.Debug_NoPCH|Win32.ActiveCfg = Debug_NoPCH|Win32
		{8F1DEA42-6A5B-4B62-839D-C141A7BFACF2}.Debug_NoPCH|Win32.Build.0 = Debug_NoPCH|Win32
		{8F1DEA42-6A5B-4B62-839D-C141A7BFACF2}.Debug_NoPCH|x64.ActiveCfg = Debug_NoPCH|x64
		{8F1DEA42-6A5B-4B62-839D-C141A7BFACF2}.Debug_NoPCH|x64.Build.0 = Debug_NoPCH|x64
		{8F1DEA42-6A5B-4B62-839D-C141A7BFACF2}.Debug|Win32.ActiveCfg = Debug|Win32
		{8F1DEA42-6A5B-4B62-839D-C141A7BFACF2}.Debug|Win32.Build.0 = Debug|Win32
		{8F1DEA42-6A5B-4B62-839D-C141A7BFACF2}.Debug|x64.ActiveCfg = Debug|x64
		{8F1DEA42-6A5B-4B62-839D-C141A7BFACF2}.Debug|x64.Build.0 = Debug|x64
		{8F1DEA42-6A5B-4B62-839D-C141A7BFACF2}.Release|Win32.ActiveCfg = Release|Win32
		{8F1DEA42-6A5B-4B62-839D-C141A7BFACF2}.Release|Win32.Build.0 = Release|Win32
		{8F1DEA42-6A5B-4B62-839D-C141A7BFACF2}.Release|x64.ActiveCfg = Release|x64
		{8F1DEA42-6A5B-4B62-839D-C141A7BFACF2}.Release|x64.Build.0 = Release|x64
		{8072769E-CF10-48BF-B9E1-12752A5DAC6E}.Debug_NoPCH|Win32.ActiveCfg = Debug_NoPCH|Win32
		{8072769E-CF10-48BF-B9E1-12752A5DAC6E}.Debug_NoPCH|Win32.Build.0 = Debug_NoPCH|Win32
		{8072769E-CF10-48BF-B9E1-12752A5DAC6E}.Debug_NoPCH|x64.ActiveCfg = Debug_NoPCH|x64
		{8072769E-CF10-48BF-B9E1-12752A5DAC6E}.Debug_NoPCH|x64.Build.0 = Debug_NoPCH|x64
		{8072769E-CF10-48BF-B9E1-12752A5DAC6E}.Debug|Win32.ActiveCfg = Debug|Win32
		{8072769E-CF10-48BF-B9E1-12752A5DAC6E}.Debug|Win32.Build.0 = Debug|Win32
		{8072769E-CF10-48BF-B9E1-12752A5DAC6E}.Debug|x64.ActiveCfg = Debug|x64
		{8072769E-CF10-48BF-B9E1-12752A5DAC6E}.Debug|x64.Build.0 = Debug|x64
		{8072769E-CF10-48BF-B9E1-12752A5DAC6E}.Release|Win32.ActiveCfg = Release|Win32
		{8072769E-CF10-48BF-B9E1-12752A5DAC6E}.Release|Win32.Build.0 = Release|Win32
		{8072769E-CF10-48BF-B9E1-12752A5DAC6E}.Release|x64.ActiveCfg = Release|x64
		{8072769E-CF10-48BF-B9E1-12752A5DAC6E}.Release|x64.Build.0 = Release|x64
	EndGlobalSection
	GlobalSection(SolutionProperties) = preSolution
		HideSolutionNode = FALSE
	EndGlobalSection
EndGlobal
